
Microsoft Visual Studio Solution File, Format Version 12.00
# Visual Studio Version 17
VisualStudioVersion = 17.5.33516.290
MinimumVisualStudioVersion = 10.0.40219.1
Project("{9A19103F-16F7-4668-BE54-9A1E7A4F7556}") = "DynamicBuilder", "DynamicBuilder\DynamicBuilder.csproj", "{FB0CE322-A60D-4B49-96E5-A44658E788C6}"
EndProject
Global
	GlobalSection(SolutionConfigurationPlatforms) = preSolution
		Debug|Any CPU = Debug|Any CPU
		Release|Any CPU = Release|Any CPU
	EndGlobalSection
	GlobalSection(ProjectConfigurationPlatforms) = postSolution
		{FB0CE322-A60D-4B49-96E5-A44658E788C6}.Debug|Any CPU.ActiveCfg = Debug|Any CPU
		{FB0CE322-A60D-4B49-96E5-A44658E788C6}.Debug|Any CPU.Build.0 = Debug|Any CPU
		{FB0CE322-A60D-4B49-96E5-A44658E788C6}.Release|Any CPU.ActiveCfg = Release|Any CPU
		{FB0CE322-A60D-4B49-96E5-A44658E788C6}.Release|Any CPU.Build.0 = Release|Any CPU
	EndGlobalSection
	GlobalSection(SolutionProperties) = preSolution
		HideSolutionNode = FALSE
	EndGlobalSection
	GlobalSection(ExtensibilityGlobals) = postSolution
		SolutionGuid = {33F2AA01-7004-4C9C-9D03-6B3125A6B452}
	EndGlobalSection
EndGlobal
